
Microsoft Visual Studio Solution File, Format Version 12.00
# Visual Studio Version 17
VisualStudioVersion = 17.3.32819.101
MinimumVisualStudioVersion = 10.0.40219.1
Project("{FAE04EC0-301F-11D3-BF4B-00C04F79EFBC}") = "debugger", "debugger\debugger.csproj", "{A2534C90-339F-4D93-8383-4B366A60325F}"
EndProject
Global
	GlobalSection(SolutionConfigurationPlatforms) = preSolution
		Debug|Any CPU = Debug|Any CPU
		Release|Any CPU = Release|Any CPU
	EndGlobalSection
	GlobalSection(ProjectConfigurationPlatforms) = postSolution
		{A2534C90-339F-4D93-8383-4B366A60325F}.Debug|Any CPU.ActiveCfg = Debug|Any CPU
		{A2534C90-339F-4D93-8383-4B366A60325F}.Debug|Any CPU.Build.0 = Debug|Any CPU
		{A2534C90-339F-4D93-8383-4B366A60325F}.Release|Any CPU.ActiveCfg = Release|Any CPU
		{A2534C90-339F-4D93-8383-4B366A60325F}.Release|Any CPU.Build.0 = Release|Any CPU
	EndGlobalSection
	GlobalSection(SolutionProperties) = preSolution
		HideSolutionNode = FALSE
	EndGlobalSection
	GlobalSection(ExtensibilityGlobals) = postSolution
		SolutionGuid = {72343B3C-5EA9-49EE-BC9A-BB9C8B9CA6AF}
	EndGlobalSection
EndGlobal
